
Microsoft Visual Studio Solution File, Format Version 12.00
# Visual Studio 14
VisualStudioVersion = 14.0.24720.0
MinimumVisualStudioVersion = 10.0.40219.1
Project("{2150E333-8FDC-42A3-9474-1A3956D46DE8}") = "UnitTests", "UnitTests", "{68FD9B6D-4137-4FAF-9A0D-675DFD7262D6}"
EndProject
Project("{2150E333-8FDC-42A3-9474-1A3956D46DE8}") = "Portals", "Portals", "{5211CC7D-6A9F-43D4-8418-B844817AE5F1}"
EndProject
Project("{2150E333-8FDC-42A3-9474-1A3956D46DE8}") = "Managers", "Managers", "{388573A8-34C3-4112-841F-115FE568851E}"
EndProject
Project("{FAE04EC0-301F-11D3-BF4B-00C04F79EFBC}") = "PetsMVCPortal", "PetsMVCPortal\PetsMVCPortal.csproj", "{FF867A6F-353E-42C9-B38C-8CD09F9971AF}"
EndProject
Project("{FAE04EC0-301F-11D3-BF4B-00C04F79EFBC}") = "PetsManager", "PetsManager\PetsManager.csproj", "{CB08859C-256C-4047-9A25-DF83E17EE952}"
EndProject
Project("{FAE04EC0-301F-11D3-BF4B-00C04F79EFBC}") = "PetsManagerContracts", "PetsManagerContracts\PetsManagerContracts.csproj", "{0E762A8E-10EA-4442-BFB7-688FABAB28DE}"
EndProject
Project("{2150E333-8FDC-42A3-9474-1A3956D46DE8}") = "DataTransferObjects", "DataTransferObjects", "{03AA2748-4665-4903-8D9A-84F4A8F74164}"
EndProject
Project("{FAE04EC0-301F-11D3-BF4B-00C04F79EFBC}") = "AGLPetsDTOs", "AGLPetsDTOs\AGLPetsDTOs.csproj", "{35C2B097-8F75-4AB9-A2E3-6B97A6C513FB}"
EndProject
Project("{2150E333-8FDC-42A3-9474-1A3956D46DE8}") = "Utilities", "Utilities", "{1D5D5EF9-CC96-4355-B3B0-9AE963B94CD1}"
EndProject
Project("{FAE04EC0-301F-11D3-BF4B-00C04F79EFBC}") = "EnumDefinitions", "EnumDefinitions\EnumDefinitions.csproj", "{DB103AED-7467-46C7-B4A8-9D997135F52E}"
EndProject
Project("{FAE04EC0-301F-11D3-BF4B-00C04F79EFBC}") = "MVCPortalTests", "MVCPortalTests\MVCPortalTests.csproj", "{13EBA394-D9EF-4401-9732-D48150385BAC}"
EndProject
Project("{FAE04EC0-301F-11D3-BF4B-00C04F79EFBC}") = "AGLPetsHelpers", "AGLPetsHelpers\AGLPetsHelpers.csproj", "{7CBD8042-F6EA-4D93-86E8-551181C9B86D}"
EndProject
Project("{FAE04EC0-301F-11D3-BF4B-00C04F79EFBC}") = "PetsManagerTest", "PetsManagerTest\PetsManagerTest.csproj", "{53B8EA5E-D59A-464A-9C64-819CF1AC254A}"
EndProject
Global
	GlobalSection(SolutionConfigurationPlatforms) = preSolution
		Debug|Any CPU = Debug|Any CPU
		Release|Any CPU = Release|Any CPU
	EndGlobalSection
	GlobalSection(ProjectConfigurationPlatforms) = postSolution
		{FF867A6F-353E-42C9-B38C-8CD09F9971AF}.Debug|Any CPU.ActiveCfg = Debug|Any CPU
		{FF867A6F-353E-42C9-B38C-8CD09F9971AF}.Debug|Any CPU.Build.0 = Debug|Any CPU
		{FF867A6F-353E-42C9-B38C-8CD09F9971AF}.Release|Any CPU.ActiveCfg = Release|Any CPU
		{FF867A6F-353E-42C9-B38C-8CD09F9971AF}.Release|Any CPU.Build.0 = Release|Any CPU
		{CB08859C-256C-4047-9A25-DF83E17EE952}.Debug|Any CPU.ActiveCfg = Debug|Any CPU
		{CB08859C-256C-4047-9A25-DF83E17EE952}.Debug|Any CPU.Build.0 = Debug|Any CPU
		{CB08859C-256C-4047-9A25-DF83E17EE952}.Release|Any CPU.ActiveCfg = Release|Any CPU
		{CB08859C-256C-4047-9A25-DF83E17EE952}.Release|Any CPU.Build.0 = Release|Any CPU
		{0E762A8E-10EA-4442-BFB7-688FABAB28DE}.Debug|Any CPU.ActiveCfg = Debug|Any CPU
		{0E762A8E-10EA-4442-BFB7-688FABAB28DE}.Debug|Any CPU.Build.0 = Debug|Any CPU
		{0E762A8E-10EA-4442-BFB7-688FABAB28DE}.Release|Any CPU.ActiveCfg = Release|Any CPU
		{0E762A8E-10EA-4442-BFB7-688FABAB28DE}.Release|Any CPU.Build.0 = Release|Any CPU
		{35C2B097-8F75-4AB9-A2E3-6B97A6C513FB}.Debug|Any CPU.ActiveCfg = Debug|Any CPU
		{35C2B097-8F75-4AB9-A2E3-6B97A6C513FB}.Debug|Any CPU.Build.0 = Debug|Any CPU
		{35C2B097-8F75-4AB9-A2E3-6B97A6C513FB}.Release|Any CPU.ActiveCfg = Release|Any CPU
		{35C2B097-8F75-4AB9-A2E3-6B97A6C513FB}.Release|Any CPU.Build.0 = Release|Any CPU
		{DB103AED-7467-46C7-B4A8-9D997135F52E}.Debug|Any CPU.ActiveCfg = Debug|Any CPU
		{DB103AED-7467-46C7-B4A8-9D997135F52E}.Debug|Any CPU.Build.0 = Debug|Any CPU
		{DB103AED-7467-46C7-B4A8-9D997135F52E}.Release|Any CPU.ActiveCfg = Release|Any CPU
		{DB103AED-7467-46C7-B4A8-9D997135F52E}.Release|Any CPU.Build.0 = Release|Any CPU
		{13EBA394-D9EF-4401-9732-D48150385BAC}.Debug|Any CPU.ActiveCfg = Debug|Any CPU
		{13EBA394-D9EF-4401-9732-D48150385BAC}.Debug|Any CPU.Build.0 = Debug|Any CPU
		{13EBA394-D9EF-4401-9732-D48150385BAC}.Release|Any CPU.ActiveCfg = Release|Any CPU
		{13EBA394-D9EF-4401-9732-D48150385BAC}.Release|Any CPU.Build.0 = Release|Any CPU
		{7CBD8042-F6EA-4D93-86E8-551181C9B86D}.Debug|Any CPU.ActiveCfg = Debug|Any CPU
		{7CBD8042-F6EA-4D93-86E8-551181C9B86D}.Debug|Any CPU.Build.0 = Debug|Any CPU
		{7CBD8042-F6EA-4D93-86E8-551181C9B86D}.Release|Any CPU.ActiveCfg = Release|Any CPU
		{7CBD8042-F6EA-4D93-86E8-551181C9B86D}.Release|Any CPU.Build.0 = Release|Any CPU
		{53B8EA5E-D59A-464A-9C64-819CF1AC254A}.Debug|Any CPU.ActiveCfg = Debug|Any CPU
		{53B8EA5E-D59A-464A-9C64-819CF1AC254A}.Debug|Any CPU.Build.0 = Debug|Any CPU
		{53B8EA5E-D59A-464A-9C64-819CF1AC254A}.Release|Any CPU.ActiveCfg = Release|Any CPU
		{53B8EA5E-D59A-464A-9C64-819CF1AC254A}.Release|Any CPU.Build.0 = Release|Any CPU
	EndGlobalSection
	GlobalSection(SolutionProperties) = preSolution
		HideSolutionNode = FALSE
	EndGlobalSection
	GlobalSection(NestedProjects) = preSolution
		{FF867A6F-353E-42C9-B38C-8CD09F9971AF} = {5211CC7D-6A9F-43D4-8418-B844817AE5F1}
		{CB08859C-256C-4047-9A25-DF83E17EE952} = {388573A8-34C3-4112-841F-115FE568851E}
		{0E762A8E-10EA-4442-BFB7-688FABAB28DE} = {388573A8-34C3-4112-841F-115FE568851E}
		{35C2B097-8F75-4AB9-A2E3-6B97A6C513FB} = {03AA2748-4665-4903-8D9A-84F4A8F74164}
		{DB103AED-7467-46C7-B4A8-9D997135F52E} = {1D5D5EF9-CC96-4355-B3B0-9AE963B94CD1}
		{13EBA394-D9EF-4401-9732-D48150385BAC} = {68FD9B6D-4137-4FAF-9A0D-675DFD7262D6}
		{7CBD8042-F6EA-4D93-86E8-551181C9B86D} = {1D5D5EF9-CC96-4355-B3B0-9AE963B94CD1}
		{53B8EA5E-D59A-464A-9C64-819CF1AC254A} = {68FD9B6D-4137-4FAF-9A0D-675DFD7262D6}
	EndGlobalSection
EndGlobal
